
Microsoft Visual Studio Solution File, Format Version 12.00
# Visual Studio Version 17
VisualStudioVersion = 17.6.33717.318
MinimumVisualStudioVersion = 10.0.40219.1
Project("{FAE04EC0-301F-11D3-BF4B-00C04F79EFBC}") = "ExerciciosContaBancaria", "ExerciciosContaBancaria\ExerciciosContaBancaria.csproj", "{C6A116E0-FEC1-4F7B-8366-D50B6879FC7C}"
EndProject
Global
	GlobalSection(SolutionConfigurationPlatforms) = preSolution
		Debug|Any CPU = Debug|Any CPU
		Release|Any CPU = Release|Any CPU
	EndGlobalSection
	GlobalSection(ProjectConfigurationPlatforms) = postSolution
		{C6A116E0-FEC1-4F7B-8366-D50B6879FC7C}.Debug|Any CPU.ActiveCfg = Debug|Any CPU
		{C6A116E0-FEC1-4F7B-8366-D50B6879FC7C}.Debug|Any CPU.Build.0 = Debug|Any CPU
		{C6A116E0-FEC1-4F7B-8366-D50B6879FC7C}.Release|Any CPU.ActiveCfg = Release|Any CPU
		{C6A116E0-FEC1-4F7B-8366-D50B6879FC7C}.Release|Any CPU.Build.0 = Release|Any CPU
	EndGlobalSection
	GlobalSection(SolutionProperties) = preSolution
		HideSolutionNode = FALSE
	EndGlobalSection
	GlobalSection(ExtensibilityGlobals) = postSolution
		SolutionGuid = {92946FF8-7D26-4450-9127-2B478CBB2C48}
	EndGlobalSection
EndGlobal
