
Microsoft Visual Studio Solution File, Format Version 12.00
# Visual Studio Version 17
VisualStudioVersion = 17.6.33717.318
MinimumVisualStudioVersion = 10.0.40219.1
Project("{FAE04EC0-301F-11D3-BF4B-00C04F79EFBC}") = "SqlAlgebra", "SqlAlgebra\SqlAlgebra.csproj", "{14793C8B-1FF9-472E-B8C5-4B566A7060AF}"
EndProject
Global
	GlobalSection(SolutionConfigurationPlatforms) = preSolution
		Debug|Any CPU = Debug|Any CPU
		Release|Any CPU = Release|Any CPU
	EndGlobalSection
	GlobalSection(ProjectConfigurationPlatforms) = postSolution
		{14793C8B-1FF9-472E-B8C5-4B566A7060AF}.Debug|Any CPU.ActiveCfg = Debug|Any CPU
		{14793C8B-1FF9-472E-B8C5-4B566A7060AF}.Debug|Any CPU.Build.0 = Debug|Any CPU
		{14793C8B-1FF9-472E-B8C5-4B566A7060AF}.Release|Any CPU.ActiveCfg = Release|Any CPU
		{14793C8B-1FF9-472E-B8C5-4B566A7060AF}.Release|Any CPU.Build.0 = Release|Any CPU
	EndGlobalSection
	GlobalSection(SolutionProperties) = preSolution
		HideSolutionNode = FALSE
	EndGlobalSection
	GlobalSection(ExtensibilityGlobals) = postSolution
		SolutionGuid = {FF75C620-4F20-43B6-B383-9163065CE537}
	EndGlobalSection
EndGlobal
